
Microsoft Visual Studio Solution File, Format Version 12.00
# Visual Studio Version 17
VisualStudioVersion = 17.0.31919.166
MinimumVisualStudioVersion = 10.0.40219.1
Project("{9A19103F-16F7-4668-BE54-9A1E7A4F7556}") = "D20Tek.BlazorComponents.Spinner", "src\D20Tek.BlazorComponents.Spinner\D20Tek.BlazorComponents.Spinner.csproj", "{C18DD19A-81B5-451F-B147-98F3AF376E89}"
EndProject
Project("{2150E333-8FDC-42A3-9474-1A3956D46DE8}") = "Components", "Components", "{E5F6C1BE-B27B-4A7B-98A8-B9D79E31F05D}"
EndProject
Project("{2150E333-8FDC-42A3-9474-1A3956D46DE8}") = "Samples", "Samples", "{654B164F-5EF0-4A99-84F7-E0C3908753FF}"
EndProject
Project("{9A19103F-16F7-4668-BE54-9A1E7A4F7556}") = "D20Tek.FullSample.Wasm", "samples\D20Tek.FullSample.Wasm\D20Tek.FullSample.Wasm.csproj", "{618A63B1-252E-4646-B74F-8F1FD89C9111}"
EndProject
Project("{2150E333-8FDC-42A3-9474-1A3956D46DE8}") = "Tests", "Tests", "{95EB0544-6D3A-4A9B-84E3-0CFBBB70D7F4}"
EndProject
Project("{9A19103F-16F7-4668-BE54-9A1E7A4F7556}") = "D20Tek.BlazorComponents.UnitTests", "tests\D20Tek.BlazorComponents.UnitTests\D20Tek.BlazorComponents.UnitTests.csproj", "{465218A1-2C09-466D-ACEA-BD9AF28F7AD5}"
EndProject
Project("{9A19103F-16F7-4668-BE54-9A1E7A4F7556}") = "D20Tek.BlazorComponents.Core.UnitTests", "tests\D20Tek.BlazorComponents.Shared.UnitTests\D20Tek.BlazorComponents.Core.UnitTests.csproj", "{29073F20-F881-43E9-93F8-7BFD9F50A2A4}"
EndProject
Project("{9A19103F-16F7-4668-BE54-9A1E7A4F7556}") = "D20Tek.BlazorComponents.Timer", "src\D20Tek.BlazorComponents.Timer\D20Tek.BlazorComponents.Timer.csproj", "{3D30611D-4371-45ED-A7FE-94C832A5F795}"
EndProject
Project("{9A19103F-16F7-4668-BE54-9A1E7A4F7556}") = "D20Tek.BlazorComponent.Core", "src\D20Tek.BlazorComponent.Core\D20Tek.BlazorComponent.Core.csproj", "{81EA6020-E6BC-40E0-9EE2-B82207CF4D43}"
EndProject
Project("{2150E333-8FDC-42A3-9474-1A3956D46DE8}") = ".Items", ".Items", "{F0C4F3EA-00F2-4774-82AF-6B9CA8FCC1FE}"
	ProjectSection(SolutionItems) = preProject
		.github\workflows\blazor-components-ci.yml = .github\workflows\blazor-components-ci.yml
		.github\workflows\blazor-components-official.yml = .github\workflows\blazor-components-official.yml
		README.md = README.md
		.github\workflows\release.yml = .github\workflows\release.yml
		ReleaseNotes.md = ReleaseNotes.md
	EndProjectSection
EndProject
Global
	GlobalSection(SolutionConfigurationPlatforms) = preSolution
		Debug|Any CPU = Debug|Any CPU
		Release|Any CPU = Release|Any CPU
	EndGlobalSection
	GlobalSection(ProjectConfigurationPlatforms) = postSolution
		{C18DD19A-81B5-451F-B147-98F3AF376E89}.Debug|Any CPU.ActiveCfg = Debug|Any CPU
		{C18DD19A-81B5-451F-B147-98F3AF376E89}.Debug|Any CPU.Build.0 = Debug|Any CPU
		{C18DD19A-81B5-451F-B147-98F3AF376E89}.Release|Any CPU.ActiveCfg = Release|Any CPU
		{C18DD19A-81B5-451F-B147-98F3AF376E89}.Release|Any CPU.Build.0 = Release|Any CPU
		{618A63B1-252E-4646-B74F-8F1FD89C9111}.Debug|Any CPU.ActiveCfg = Debug|Any CPU
		{618A63B1-252E-4646-B74F-8F1FD89C9111}.Debug|Any CPU.Build.0 = Debug|Any CPU
		{618A63B1-252E-4646-B74F-8F1FD89C9111}.Release|Any CPU.ActiveCfg = Release|Any CPU
		{618A63B1-252E-4646-B74F-8F1FD89C9111}.Release|Any CPU.Build.0 = Release|Any CPU
		{465218A1-2C09-466D-ACEA-BD9AF28F7AD5}.Debug|Any CPU.ActiveCfg = Debug|Any CPU
		{465218A1-2C09-466D-ACEA-BD9AF28F7AD5}.Debug|Any CPU.Build.0 = Debug|Any CPU
		{465218A1-2C09-466D-ACEA-BD9AF28F7AD5}.Release|Any CPU.ActiveCfg = Release|Any CPU
		{465218A1-2C09-466D-ACEA-BD9AF28F7AD5}.Release|Any CPU.Build.0 = Release|Any CPU
		{29073F20-F881-43E9-93F8-7BFD9F50A2A4}.Debug|Any CPU.ActiveCfg = Debug|Any CPU
		{29073F20-F881-43E9-93F8-7BFD9F50A2A4}.Debug|Any CPU.Build.0 = Debug|Any CPU
		{29073F20-F881-43E9-93F8-7BFD9F50A2A4}.Release|Any CPU.ActiveCfg = Release|Any CPU
		{29073F20-F881-43E9-93F8-7BFD9F50A2A4}.Release|Any CPU.Build.0 = Release|Any CPU
		{3D30611D-4371-45ED-A7FE-94C832A5F795}.Debug|Any CPU.ActiveCfg = Debug|Any CPU
		{3D30611D-4371-45ED-A7FE-94C832A5F795}.Debug|Any CPU.Build.0 = Debug|Any CPU
		{3D30611D-4371-45ED-A7FE-94C832A5F795}.Release|Any CPU.ActiveCfg = Release|Any CPU
		{3D30611D-4371-45ED-A7FE-94C832A5F795}.Release|Any CPU.Build.0 = Release|Any CPU
		{81EA6020-E6BC-40E0-9EE2-B82207CF4D43}.Debug|Any CPU.ActiveCfg = Debug|Any CPU
		{81EA6020-E6BC-40E0-9EE2-B82207CF4D43}.Debug|Any CPU.Build.0 = Debug|Any CPU
		{81EA6020-E6BC-40E0-9EE2-B82207CF4D43}.Release|Any CPU.ActiveCfg = Release|Any CPU
		{81EA6020-E6BC-40E0-9EE2-B82207CF4D43}.Release|Any CPU.Build.0 = Release|Any CPU
	EndGlobalSection
	GlobalSection(SolutionProperties) = preSolution
		HideSolutionNode = FALSE
	EndGlobalSection
	GlobalSection(NestedProjects) = preSolution
		{C18DD19A-81B5-451F-B147-98F3AF376E89} = {E5F6C1BE-B27B-4A7B-98A8-B9D79E31F05D}
		{618A63B1-252E-4646-B74F-8F1FD89C9111} = {654B164F-5EF0-4A99-84F7-E0C3908753FF}
		{465218A1-2C09-466D-ACEA-BD9AF28F7AD5} = {95EB0544-6D3A-4A9B-84E3-0CFBBB70D7F4}
		{29073F20-F881-43E9-93F8-7BFD9F50A2A4} = {95EB0544-6D3A-4A9B-84E3-0CFBBB70D7F4}
		{3D30611D-4371-45ED-A7FE-94C832A5F795} = {E5F6C1BE-B27B-4A7B-98A8-B9D79E31F05D}
		{81EA6020-E6BC-40E0-9EE2-B82207CF4D43} = {E5F6C1BE-B27B-4A7B-98A8-B9D79E31F05D}
	EndGlobalSection
	GlobalSection(ExtensibilityGlobals) = postSolution
		SolutionGuid = {7B11F51C-FA81-4056-B924-7EA243262E25}
	EndGlobalSection
EndGlobal
